{
  "version": "v1",
  "packages": {
    "@nestled/config": {
      "signature": "bae7df0f17cb72fd2a29f43ea714bd61",
      "pure": true
    },
    "@nestled/api": {
      "signature": "47e8e92b7178a30ac0e3ee52dbeabe31",
      "pure": true
    },
    "@nestled/utils": {
      "signature": "5640b60bc1ba933f96b13e82c05b2e26",
      "pure": true
    },
    "@nestled/web": {
      "signature": "7350b2e6828921629f8de5a4687d10a1",
      "pure": true
    },
    "@nestled/plugins": {
      "signature": "86b71f2c7d630691b270b6b5f7b76b19",
      "pure": true
    }
  }
}