{
  "version": "v1",
  "packages": {
    "@nestled/config": {
      "signature": "1b56788ef8fd39200766cd7ed61c2e5d",
      "pure": true
    },
    "@nestled/api": {
      "signature": "6ec8f6ae915f9ae8c9cd82f5472109f2",
      "pure": true
    },
    "@nestled/utils": {
      "signature": "cf89372c5dd3f58bfa2f44c89822a04d",
      "pure": true
    },
    "@nestled/web": {
      "signature": "2a16e2ed2412735a9224f715a30b1a99",
      "pure": true
    },
    "@nestled/plugins": {
      "signature": "1e4a940cd30a31758e484d24b3ad6e92",
      "pure": true
    }
  }
}