{
  "name": "@nestledjs/forms",
  "version": "0.4.18",
  "lockfileVersion": 3,
  "requires": true,
  "packages": {
    "": {
      "name": "@nestledjs/forms",
      "version": "0.4.18",
      "license": "MIT",
      "dependencies": {
        "@hookform/resolvers": "^3.0.0",
        "date-fns": "^4.1.0",
        "react-hook-form": "^7.58.1",
        "react-phone-number-input": "^3.4.12",
        "zod": "^3.0.0"
      },
      "peerDependencies": {
        "@mdxeditor/editor": "^3.39.1",
        "react": ">=18.0.0",
        "react-dom": ">=18.0.0"
      },
      "peerDependenciesMeta": {
        "@mdxeditor/editor": {
          "optional": true
        }
      }
    },
    "node_modules/@hookform/resolvers": {
      "version": "3.10.0",
      "resolved": "https://registry.npmjs.org/@hookform/resolvers/-/resolvers-3.10.0.tgz",
      "integrity": "sha512-79Dv+3mDF7i+2ajj7SkypSKHhl1cbln1OGavqrsF7p6mbUv11xpqpacPsGDCTRvCSjEEIez2ef1NveSVL3b0Ag==",
      "license": "MIT",
      "peerDependencies": {
        "react-hook-form": "^7.0.0"
      }
    },
    "node_modules/classnames": {
      "version": "2.5.1",
      "resolved": "https://registry.npmjs.org/classnames/-/classnames-2.5.1.tgz",
      "integrity": "sha512-saHYOzhIQs6wy2sVxTM6bUDsQO4F50V9RQ22qBpEdCW+I+/Wmke2HOl6lS6dTpdxVhb88/I6+Hs+438c3lfUow==",
      "license": "MIT"
    },
    "node_modules/country-flag-icons": {
      "version": "1.5.20",
      "resolved": "https://registry.npmjs.org/country-flag-icons/-/country-flag-icons-1.5.20.tgz",
      "integrity": "sha512-ldchBFYlw2dXXGXO6q/xCYaFiiK/eg5qSctBRDzUTDvHqAdIMOVTj1sp0OWVo7g6h+RURTjlu+5BhtGwIbe9tg==",
      "license": "MIT"
    },
    "node_modules/date-fns": {
      "version": "4.1.0",
      "resolved": "https://registry.npmjs.org/date-fns/-/date-fns-4.1.0.tgz",
      "integrity": "sha512-Ukq0owbQXxa/U3EGtsdVBkR1w7KOQ5gIBqdH2hkvknzZPYvBxb/aa6E8L7tmjFtkwZBu3UXBbjIgPo/Ez4xaNg==",
      "license": "MIT",
      "funding": {
        "type": "github",
        "url": "https://github.com/sponsors/kossnocorp"
      }
    },
    "node_modules/input-format": {
      "version": "0.3.14",
      "resolved": "https://registry.npmjs.org/input-format/-/input-format-0.3.14.tgz",
      "integrity": "sha512-gHMrgrbCgmT4uK5Um5eVDUohuV9lcs95ZUUN9Px2Y0VIfjTzT2wF8Q3Z4fwLFm7c5Z2OXCm53FHoovj6SlOKdg==",
      "license": "MIT",
      "dependencies": {
        "prop-types": "^15.8.1"
      },
      "peerDependencies": {
        "react": ">=18.1.0",
        "react-dom": ">=18.1.0"
      },
      "peerDependenciesMeta": {
        "react": {
          "optional": true
        },
        "react-dom": {
          "optional": true
        }
      }
    },
    "node_modules/js-tokens": {
      "version": "4.0.0",
      "resolved": "https://registry.npmjs.org/js-tokens/-/js-tokens-4.0.0.tgz",
      "integrity": "sha512-RdJUflcE3cUzKiMqQgsCu06FPu9UdIJO0beYbPhHN4k6apgJtifcoCtT9bcxOpYBtpD2kCM6Sbzg4CausW/PKQ==",
      "license": "MIT"
    },
    "node_modules/libphonenumber-js": {
      "version": "1.12.17",
      "resolved": "https://registry.npmjs.org/libphonenumber-js/-/libphonenumber-js-1.12.17.tgz",
      "integrity": "sha512-bsxi8FoceAYR/bjHcLYc2ShJ/aVAzo5jaxAYiMHF0BD+NTp47405CGuPNKYpw+lHadN9k/ClFGc9X5vaZswIrA==",
      "license": "MIT"
    },
    "node_modules/loose-envify": {
      "version": "1.4.0",
      "resolved": "https://registry.npmjs.org/loose-envify/-/loose-envify-1.4.0.tgz",
      "integrity": "sha512-lyuxPGr/Wfhrlem2CL/UcnUc1zcqKAImBDzukY7Y5F/yQiNdko6+fRLevlw1HgMySw7f611UIY408EtxRSoK3Q==",
      "license": "MIT",
      "dependencies": {
        "js-tokens": "^3.0.0 || ^4.0.0"
      },
      "bin": {
        "loose-envify": "cli.js"
      }
    },
    "node_modules/object-assign": {
      "version": "4.1.1",
      "resolved": "https://registry.npmjs.org/object-assign/-/object-assign-4.1.1.tgz",
      "integrity": "sha512-rJgTQnkUnH1sFw8yT6VSU3zD3sWmu6sZhIseY8VX+GRu3P6F7Fu+JNDoXfklElbLJSnc3FUQHVe4cU5hj+BcUg==",
      "license": "MIT",
      "engines": {
        "node": ">=0.10.0"
      }
    },
    "node_modules/prop-types": {
      "version": "15.8.1",
      "resolved": "https://registry.npmjs.org/prop-types/-/prop-types-15.8.1.tgz",
      "integrity": "sha512-oj87CgZICdulUohogVAR7AjlC0327U4el4L6eAvOqCeudMDVU0NThNaV+b9Df4dXgSP1gXMTnPdhfe/2qDH5cg==",
      "license": "MIT",
      "dependencies": {
        "loose-envify": "^1.4.0",
        "object-assign": "^4.1.1",
        "react-is": "^16.13.1"
      }
    },
    "node_modules/prop-types/node_modules/react-is": {
      "version": "16.13.1",
      "resolved": "https://registry.npmjs.org/react-is/-/react-is-16.13.1.tgz",
      "integrity": "sha512-24e6ynE2H+OKt4kqsOvNd8kBpV65zoxbA4BVsEOB3ARVWQki/DHzaUoC5KuON/BiccDaCCTZBuOcfZs70kR8bQ==",
      "license": "MIT"
    },
    "node_modules/react": {
      "version": "19.1.1",
      "resolved": "https://registry.npmjs.org/react/-/react-19.1.1.tgz",
      "integrity": "sha512-w8nqGImo45dmMIfljjMwOGtbmC/mk4CMYhWIicdSflH91J9TyCyczcPFXJzrZ/ZXcgGRFeP6BU0BEJTw6tZdfQ==",
      "license": "MIT",
      "peer": true,
      "engines": {
        "node": ">=0.10.0"
      }
    },
    "node_modules/react-dom": {
      "version": "19.1.1",
      "resolved": "https://registry.npmjs.org/react-dom/-/react-dom-19.1.1.tgz",
      "integrity": "sha512-Dlq/5LAZgF0Gaz6yiqZCf6VCcZs1ghAJyrsu84Q/GT0gV+mCxbfmKNoGRKBYMJ8IEdGPqu49YWXD02GCknEDkw==",
      "license": "MIT",
      "peer": true,
      "dependencies": {
        "scheduler": "^0.26.0"
      },
      "peerDependencies": {
        "react": "^19.1.1"
      }
    },
    "node_modules/react-hook-form": {
      "version": "7.62.0",
      "resolved": "https://registry.npmjs.org/react-hook-form/-/react-hook-form-7.62.0.tgz",
      "integrity": "sha512-7KWFejc98xqG/F4bAxpL41NB3o1nnvQO1RWZT3TqRZYL8RryQETGfEdVnJN2fy1crCiBLLjkRBVK05j24FxJGA==",
      "license": "MIT",
      "engines": {
        "node": ">=18.0.0"
      },
      "funding": {
        "type": "opencollective",
        "url": "https://opencollective.com/react-hook-form"
      },
      "peerDependencies": {
        "react": "^16.8.0 || ^17 || ^18 || ^19"
      }
    },
    "node_modules/react-phone-number-input": {
      "version": "3.4.12",
      "resolved": "https://registry.npmjs.org/react-phone-number-input/-/react-phone-number-input-3.4.12.tgz",
      "integrity": "sha512-Raob77KdtLGm49iC6nuOX9qy6Mg16idkgC7Y1mHmvG2WBYoauHpzxYNlfmFskQKeiztrJIwPhPzBhjFwjenNCA==",
      "license": "MIT",
      "dependencies": {
        "classnames": "^2.5.1",
        "country-flag-icons": "^1.5.17",
        "input-format": "^0.3.10",
        "libphonenumber-js": "^1.11.20",
        "prop-types": "^15.8.1"
      },
      "peerDependencies": {
        "react": ">=16.8",
        "react-dom": ">=16.8"
      }
    },
    "node_modules/scheduler": {
      "version": "0.26.0",
      "resolved": "https://registry.npmjs.org/scheduler/-/scheduler-0.26.0.tgz",
      "integrity": "sha512-NlHwttCI/l5gCPR3D1nNXtWABUmBwvZpEQiD4IXSbIDq8BzLIK/7Ir5gTFSGZDUu37K5cMNp0hFtzO38sC7gWA==",
      "license": "MIT",
      "peer": true
    },
    "node_modules/zod": {
      "version": "3.25.76",
      "resolved": "https://registry.npmjs.org/zod/-/zod-3.25.76.tgz",
      "integrity": "sha512-gzUt/qt81nXsFGKIFcC3YnfEAx5NkunCfnDlvuBSSFS02bcXu4Lmea0AFIUwbLWxWPx3d9p8S5QoaujKcNQxcQ==",
      "license": "MIT",
      "funding": {
        "url": "https://github.com/sponsors/colinhacks"
      }
    }
  }
}
